{
    "_readme": [
        "This file locks the dependencies of your project to a known state",
        "Read more about it at https://getcomposer.org/doc/01-basic-usage.md#composer-lock-the-lock-file",
        "This file is @generated automatically"
    ],
    "content-hash": "d4a396eca0ae70b4702169a56844b7e9",
    "packages": [
        {
            "name": "cimmwolf/utilities",
            "version": "2.2.0",
            "source": {
                "type": "git",
                "url": "https://github.com/cimmwolf/utilites.git",
                "reference": "260b1428f29dfcbbfa9a8c64aad0919843aeeb83"
            },
            "dist": {
                "type": "zip",
                "url": "https://api.github.com/repos/cimmwolf/utilites/zipball/260b1428f29dfcbbfa9a8c64aad0919843aeeb83",
                "reference": "260b1428f29dfcbbfa9a8c64aad0919843aeeb83",
                "shasum": ""
            },
            "require": {
                "emuravjev/mdash": "dev-master"
            },
            "require-dev": {
                "phpunit/phpunit": "^6.3"
            },
            "type": "library",
            "autoload": {
                "psr-4": {
                    "DenisBeliaev\\": "src/"
                }
            },
            "notification-url": "https://packagist.org/downloads/",
            "license": [
                "MIT"
            ],
            "authors": [
                {
                    "name": "Denis Beliaev",
                    "email": "cimmwolf@gmail.com"
                }
            ],
            "description": "Utilities for web development",
            "time": "2017-09-16T11:58:05+00:00"
        },
        {
            "name": "emuravjev/mdash",
            "version": "dev-master",
            "dist": {
                "type": "zip",
                "url": "https://github.com/emuravjev/mdash/archive/master.zip",
                "reference": null,
                "shasum": null
            },
            "type": "library",
            "autoload": {
                "classmap": [
                    "src-php/EMT.php"
                ]
            }
        }
    ],
    "packages-dev": [],
    "aliases": [],
    "minimum-stability": "stable",
    "stability-flags": {
        "emuravjev/mdash": 20
    },
    "prefer-stable": false,
    "prefer-lowest": false,
    "platform": [],
    "platform-dev": []
}
